PODS:
  - LPMessagingSDK (3.5.1.0.2288)

DEPENDENCIES:
  - LPMessagingSDK

SPEC REPOS:
  https://github.com/LivePersonInc/iOSPodSpecs.git:
    - LPMessagingSDK

SPEC CHECKSUMS:
  LPMessagingSDK: af48a071d4d9739c5428b1c2b5d55ea9c1abedd9

PODFILE CHECKSUM: d50bf0bc7ce189a59443b510c11d0a03d35508b4

COCOAPODS: 1.5.3
