// !$*UTF8*$!
{
	archiveVersion = 1;
	classes = {
	};
	objectVersion = 50;
	objects = {

/* Begin PBXBuildFile section */
		42055D57220276ED00BD517D /* OptLivePersonFramework.framework in Frameworks */ = {isa = PBXBuildFile; fileRef = 42055D4D220276ED00BD517D /* OptLivePersonFramework.framework */; };
		42055D5C220276ED00BD517D /* OptLivePersonFrameworkTests.swift in Sources */ = {isa = PBXBuildFile; fileRef = 42055D5B220276ED00BD517D /* OptLivePersonFrameworkTests.swift */; };
		42055D5E220276ED00BD517D /* OptLivePersonFramework.h in Headers */ = {isa = PBXBuildFile; fileRef = 42055D50220276ED00BD517D /* OptLivePersonFramework.h */; settings = {ATTRIBUTES = (Public, ); }; };
/* End PBXBuildFile section */

/* Begin PBXContainerItemProxy section */
		42055D58220276ED00BD517D /* PBXContainerItemProxy */ = {
			isa = PBXContainerItemProxy;
			containerPortal = 42055D44220276ED00BD517D /* Project object */;
			proxyType = 1;
			remoteGlobalIDString = 42055D4C220276ED00BD517D;
			remoteInfo = OptLivePersonFramework;
		};
/* End PBXContainerItemProxy section */

/* Begin PBXFileReference section */
		42055D4D220276ED00BD517D /* OptLivePersonFramework.framework */ = {isa = PBXFileReference; explicitFileType = wrapper.framework; includeInIndex = 0; path = OptLivePersonFramework.framework; sourceTree = BUILT_PRODUCTS_DIR; };
		42055D50220276ED00BD517D /* OptLivePersonFramework.h */ = {isa = PBXFileReference; lastKnownFileType = sourcecode.c.h; path = OptLivePersonFramework.h; sourceTree = "<group>"; };
		42055D51220276ED00BD517D /* Info.plist */ = {isa = PBXFileReference; lastKnownFileType = text.plist.xml; path = Info.plist; sourceTree = "<group>"; };
		42055D56220276ED00BD517D /* OptLivePersonFrameworkTests.xctest */ = {isa = PBXFileReference; explicitFileType = wrapper.cfbundle; includeInIndex = 0; path = OptLivePersonFrameworkTests.xctest; sourceTree = BUILT_PRODUCTS_DIR; };
		42055D5B220276ED00BD517D /* OptLivePersonFrameworkTests.swift */ = {isa = PBXFileReference; lastKnownFileType = sourcecode.swift; path = OptLivePersonFrameworkTests.swift; sourceTree = "<group>"; };
		42055D5D220276ED00BD517D /* Info.plist */ = {isa = PBXFileReference; lastKnownFileType = text.plist.xml; path = Info.plist; sourceTree = "<group>"; };
/* End PBXFileReference section */

/* Begin PBXFrameworksBuildPhase section */
		42055D4A220276ED00BD517D /* Frameworks */ = {
			isa = PBXFrameworksBuildPhase;
			buildActionMask = 2147483647;
			files = (
			);
			runOnlyForDeploymentPostprocessing = 0;
		};
		42055D53220276ED00BD517D /* Frameworks */ = {
			isa = PBXFrameworksBuildPhase;
			buildActionMask = 2147483647;
			files = (
				42055D57220276ED00BD517D /* OptLivePersonFramework.framework in Frameworks */,
			);
			runOnlyForDeploymentPostprocessing = 0;
		};
/* End PBXFrameworksBuildPhase section */

/* Begin PBXGroup section */
		42055D43220276ED00BD517D = {
			isa = PBXGroup;
			children = (
				42055D4F220276ED00BD517D /* OptLivePersonFramework */,
				42055D5A220276ED00BD517D /* OptLivePersonFrameworkTests */,
				42055D4E220276ED00BD517D /* Products */,
			);
			sourceTree = "<group>";
		};
		42055D4E220276ED00BD517D /* Products */ = {
			isa = PBXGroup;
			children = (
				42055D4D220276ED00BD517D /* OptLivePersonFramework.framework */,
				42055D56220276ED00BD517D /* OptLivePersonFrameworkTests.xctest */,
			);
			name = Products;
			sourceTree = "<group>";
		};
		42055D4F220276ED00BD517D /* OptLivePersonFramework */ = {
			isa = PBXGroup;
			children = (
				42055D50220276ED00BD517D /* OptLivePersonFramework.h */,
				42055D51220276ED00BD517D /* Info.plist */,
			);
			path = OptLivePersonFramework;
			sourceTree = "<group>";
		};
		42055D5A220276ED00BD517D /* OptLivePersonFrameworkTests */ = {
			isa = PBXGroup;
			children = (
				42055D5B220276ED00BD517D /* OptLivePersonFrameworkTests.swift */,
				42055D5D220276ED00BD517D /* Info.plist */,
			);
			path = OptLivePersonFrameworkTests;
			sourceTree = "<group>";
		};
/* End PBXGroup section */

/* Begin PBXHeadersBuildPhase section */
		42055D48220276ED00BD517D /* Headers */ = {
			isa = PBXHeadersBuildPhase;
			buildActionMask = 2147483647;
			files = (
				42055D5E220276ED00BD517D /* OptLivePersonFramework.h in Headers */,
			);
			runOnlyForDeploymentPostprocessing = 0;
		};
/* End PBXHeadersBuildPhase section */

/* Begin PBXNativeTarget section */
		42055D4C220276ED00BD517D /* OptLivePersonFramework */ = {
			isa = PBXNativeTarget;
			buildConfigurationList = 42055D61220276ED00BD517D /* Build configuration list for PBXNativeTarget "OptLivePersonFramework" */;
			buildPhases = (
				42055D48220276ED00BD517D /* Headers */,
				42055D49220276ED00BD517D /* Sources */,
				42055D4A220276ED00BD517D /* Frameworks */,
				42055D4B220276ED00BD517D /* Resources */,
			);
			buildRules = (
			);
			dependencies = (
			);
			name = OptLivePersonFramework;
			productName = OptLivePersonFramework;
			productReference = 42055D4D220276ED00BD517D /* OptLivePersonFramework.framework */;
			productType = "com.apple.product-type.framework";
		};
		42055D55220276ED00BD517D /* OptLivePersonFrameworkTests */ = {
			isa = PBXNativeTarget;
			buildConfigurationList = 42055D64220276ED00BD517D /* Build configuration list for PBXNativeTarget "OptLivePersonFrameworkTests" */;
			buildPhases = (
				42055D52220276ED00BD517D /* Sources */,
				42055D53220276ED00BD517D /* Frameworks */,
				42055D54220276ED00BD517D /* Resources */,
			);
			buildRules = (
			);
			dependencies = (
				42055D59220276ED00BD517D /* PBXTargetDependency */,
			);
			name = OptLivePersonFrameworkTests;
			productName = OptLivePersonFrameworkTests;
			productReference = 42055D56220276ED00BD517D /* OptLivePersonFrameworkTests.xctest */;
			productType = "com.apple.product-type.bundle.unit-test";
		};
/* End PBXNativeTarget section */

/* Begin PBXProject section */
		42055D44220276ED00BD517D /* Project object */ = {
			isa = PBXProject;
			attributes = {
				LastSwiftUpdateCheck = 1010;
				LastUpgradeCheck = 1010;
				ORGANIZATIONNAME = "Muthu Rama";
				TargetAttributes = {
					42055D4C220276ED00BD517D = {
						CreatedOnToolsVersion = 10.1;
					};
					42055D55220276ED00BD517D = {
						CreatedOnToolsVersion = 10.1;
					};
				};
			};
			buildConfigurationList = 42055D47220276ED00BD517D /* Build configuration list for PBXProject "OptLivePersonFramework" */;
			compatibilityVersion = "Xcode 9.3";
			developmentRegion = en;
			hasScannedForEncodings = 0;
			knownRegions = (
				en,
			);
			mainGroup = 42055D43220276ED00BD517D;
			productRefGroup = 42055D4E220276ED00BD517D /* Products */;
			projectDirPath = "";
			projectRoot = "";
			targets = (
				42055D4C220276ED00BD517D /* OptLivePersonFramework */,
				42055D55220276ED00BD517D /* OptLivePersonFrameworkTests */,
			);
		};
/* End PBXProject section */

/* Begin PBXResourcesBuildPhase section */
		42055D4B220276ED00BD517D /* Resources */ = {
			isa = PBXResourcesBuildPhase;
			buildActionMask = 2147483647;
			files = (
			);
			runOnlyForDeploymentPostprocessing = 0;
		};
		42055D54220276ED00BD517D /* Resources */ = {
			isa = PBXResourcesBuildPhase;
			buildActionMask = 2147483647;
			files = (
			);
			runOnlyForDeploymentPostprocessing = 0;
		};
/* End PBXResourcesBuildPhase section */

/* Begin PBXSourcesBuildPhase section */
		42055D49220276ED00BD517D /* Sources */ = {
			isa = PBXSourcesBuildPhase;
			buildActionMask = 2147483647;
			files = (
			);
			runOnlyForDeploymentPostprocessing = 0;
		};
		42055D52220276ED00BD517D /* Sources */ = {
			isa = PBXSourcesBuildPhase;
			buildActionMask = 2147483647;
			files = (
				42055D5C220276ED00BD517D /* OptLivePersonFrameworkTests.swift in Sources */,
			);
			runOnlyForDeploymentPostprocessing = 0;
		};
/* End PBXSourcesBuildPhase section */

/* Begin PBXTargetDependency section */
		42055D59220276ED00BD517D /* PBXTargetDependency */ = {
			isa = PBXTargetDependency;
			target = 42055D4C220276ED00BD517D /* OptLivePersonFramework */;
			targetProxy = 42055D58220276ED00BD517D /* PBXContainerItemProxy */;
		};
/* End PBXTargetDependency section */

/* Begin XCBuildConfiguration section */
		42055D5F220276ED00BD517D /* Debug */ = {
			isa = XCBuildConfiguration;
			buildSettings = {
				ALWAYS_SEARCH_USER_PATHS = NO;
				CLANG_ANALYZER_NONNULL = YES;
				CLANG_ANALYZER_NUMBER_OBJECT_CONVERSION = YES_AGGRESSIVE;
				CLANG_CXX_LANGUAGE_STANDARD = "gnu++14";
				CLANG_CXX_LIBRARY = "libc++";
				CLANG_ENABLE_MODULES = YES;
				CLANG_ENABLE_OBJC_ARC = YES;
				CLANG_ENABLE_OBJC_WEAK = YES;
				CLANG_WARN_BLOCK_CAPTURE_AUTORELEASING = YES;
				CLANG_WARN_BOOL_CONVERSION = YES;
				CLANG_WARN_COMMA = YES;
				CLANG_WARN_CONSTANT_CONVERSION = YES;
				CLANG_WARN_DEPRECATED_OBJC_IMPLEMENTATIONS = YES;
				CLANG_WARN_DIRECT_OBJC_ISA_USAGE = YES_ERROR;
				CLANG_WARN_DOCUMENTATION_COMMENTS = YES;
				CLANG_WARN_EMPTY_BODY = YES;
				CLANG_WARN_ENUM_CONVERSION = YES;
				CLANG_WARN_INFINITE_RECURSION = YES;
				CLANG_WARN_INT_CONVERSION = YES;
				CLANG_WARN_NON_LITERAL_NULL_CONVERSION = YES;
				CLANG_WARN_OBJC_IMPLICIT_RETAIN_SELF = YES;
				CLANG_WARN_OBJC_LITERAL_CONVERSION = YES;
				CLANG_WARN_OBJC_ROOT_CLASS = YES_ERROR;
				CLANG_WARN_RANGE_LOOP_ANALYSIS = YES;
				CLANG_WARN_STRICT_PROTOTYPES = YES;
				CLANG_WARN_SUSPICIOUS_MOVE = YES;
				CLANG_WARN_UNGUARDED_AVAILABILITY = YES_AGGRESSIVE;
				CLANG_WARN_UNREACHABLE_CODE = YES;
				CLANG_WARN__DUPLICATE_METHOD_MATCH = YES;
				CODE_SIGN_IDENTITY = "iPhone Developer";
				COPY_PHASE_STRIP = NO;
				CURRENT_PROJECT_VERSION = 1;
				DEBUG_INFORMATION_FORMAT = dwarf;
				ENABLE_STRICT_OBJC_MSGSEND = YES;
				ENABLE_TESTABILITY = YES;
				GCC_C_LANGUAGE_STANDARD = gnu11;
				GCC_DYNAMIC_NO_PIC = NO;
				GCC_NO_COMMON_BLOCKS = YES;
				GCC_OPTIMIZATION_LEVEL = 0;
				GCC_PREPROCESSOR_DEFINITIONS = (
					"DEBUG=1",
					"$(inherited)",
				);
				GCC_WARN_64_TO_32_BIT_CONVERSION = YES;
				GCC_WARN_ABOUT_RETURN_TYPE = YES_ERROR;
				GCC_WARN_UNDECLARED_SELECTOR = YES;
				GCC_WARN_UNINITIALIZED_AUTOS = YES_AGGRESSIVE;
				GCC_WARN_UNUSED_FUNCTION = YES;
				GCC_WARN_UNUSED_VARIABLE = YES;
				IPHONEOS_DEPLOYMENT_TARGET = 12.1;
				MTL_ENABLE_DEBUG_INFO = INCLUDE_SOURCE;
				MTL_FAST_MATH = YES;
				ONLY_ACTIVE_ARCH = YES;
				SDKROOT = iphoneos;
				SWIFT_ACTIVE_COMPILATION_CONDITIONS = DEBUG;
				SWIFT_OPTIMIZATION_LEVEL = "-Onone";
				VERSIONING_SYSTEM = "apple-generic";
				VERSION_INFO_PREFIX = "";
			};
			name = Debug;
		};
		42055D60220276ED00BD517D /* Release */ = {
			isa = XCBuildConfiguration;
			buildSettings = {
				ALWAYS_SEARCH_USER_PATHS = NO;
				CLANG_ANALYZER_NONNULL = YES;
				CLANG_ANALYZER_NUMBER_OBJECT_CONVERSION = YES_AGGRESSIVE;
				CLANG_CXX_LANGUAGE_STANDARD = "gnu++14";
				CLANG_CXX_LIBRARY = "libc++";
				CLANG_ENABLE_MODULES = YES;
				CLANG_ENABLE_OBJC_ARC = YES;
				CLANG_ENABLE_OBJC_WEAK = YES;
				CLANG_WARN_BLOCK_CAPTURE_AUTORELEASING = YES;
				CLANG_WARN_BOOL_CONVERSION = YES;
				CLANG_WARN_COMMA = YES;
				CLANG_WARN_CONSTANT_CONVERSION = YES;
				CLANG_WARN_DEPRECATED_OBJC_IMPLEMENTATIONS = YES;
				CLANG_WARN_DIRECT_OBJC_ISA_USAGE = YES_ERROR;
				CLANG_WARN_DOCUMENTATION_COMMENTS = YES;
				CLANG_WARN_EMPTY_BODY = YES;
				CLANG_WARN_ENUM_CONVERSION = YES;
				CLANG_WARN_INFINITE_RECURSION = YES;
				CLANG_WARN_INT_CONVERSION = YES;
				CLANG_WARN_NON_LITERAL_NULL_CONVERSION = YES;
				CLANG_WARN_OBJC_IMPLICIT_RETAIN_SELF = YES;
				CLANG_WARN_OBJC_LITERAL_CONVERSION = YES;
				CLANG_WARN_OBJC_ROOT_CLASS = YES_ERROR;
				CLANG_WARN_RANGE_LOOP_ANALYSIS = YES;
				CLANG_WARN_STRICT_PROTOTYPES = YES;
				CLANG_WARN_SUSPICIOUS_MOVE = YES;
				CLANG_WARN_UNGUARDED_AVAILABILITY = YES_AGGRESSIVE;
				CLANG_WARN_UNREACHABLE_CODE = YES;
				CLANG_WARN__DUPLICATE_METHOD_MATCH = YES;
				CODE_SIGN_IDENTITY = "iPhone Developer";
				COPY_PHASE_STRIP = NO;
				CURRENT_PROJECT_VERSION = 1;
				DEBUG_INFORMATION_FORMAT = "dwarf-with-dsym";
				ENABLE_NS_ASSERTIONS = NO;
				ENABLE_STRICT_OBJC_MSGSEND = YES;
				GCC_C_LANGUAGE_STANDARD = gnu11;
				GCC_NO_COMMON_BLOCKS = YES;
				GCC_WARN_64_TO_32_BIT_CONVERSION = YES;
				GCC_WARN_ABOUT_RETURN_TYPE = YES_ERROR;
				GCC_WARN_UNDECLARED_SELECTOR = YES;
				GCC_WARN_UNINITIALIZED_AUTOS = YES_AGGRESSIVE;
				GCC_WARN_UNUSED_FUNCTION = YES;
				GCC_WARN_UNUSED_VARIABLE = YES;
				IPHONEOS_DEPLOYMENT_TARGET = 12.1;
				MTL_ENABLE_DEBUG_INFO = NO;
				MTL_FAST_MATH = YES;
				SDKROOT = iphoneos;
				SWIFT_COMPILATION_MODE = wholemodule;
				SWIFT_OPTIMIZATION_LEVEL = "-O";
				VALIDATE_PRODUCT = YES;
				VERSIONING_SYSTEM = "apple-generic";
				VERSION_INFO_PREFIX = "";
			};
			name = Release;
		};
		42055D62220276ED00BD517D /* Debug */ = {
			isa = XCBuildConfiguration;
			buildSettings = {
				CODE_SIGN_IDENTITY = "";
				CODE_SIGN_STYLE = Automatic;
				DEFINES_MODULE = YES;
				DYLIB_COMPATIBILITY_VERSION = 1;
				DYLIB_CURRENT_VERSION = 1;
				DYLIB_INSTALL_NAME_BASE = "@rpath";
				INFOPLIST_FILE = OptLivePersonFramework/Info.plist;
				INSTALL_PATH = "$(LOCAL_LIBRARY_DIR)/Frameworks";
				LD_RUNPATH_SEARCH_PATHS = (
					"$(inherited)",
					"@executable_path/Frameworks",
					"@loader_path/Frameworks",
				);
				PRODUCT_BUNDLE_IDENTIFIER = ss.OptLivePersonFramework;
				PRODUCT_NAME = "$(TARGET_NAME:c99extidentifier)";
				SKIP_INSTALL = YES;
				SWIFT_VERSION = 4.2;
				TARGETED_DEVICE_FAMILY = "1,2";
			};
			name = Debug;
		};
		42055D63220276ED00BD517D /* Release */ = {
			isa = XCBuildConfiguration;
			buildSettings = {
				CODE_SIGN_IDENTITY = "";
				CODE_SIGN_STYLE = Automatic;
				DEFINES_MODULE = YES;
				DYLIB_COMPATIBILITY_VERSION = 1;
				DYLIB_CURRENT_VERSION = 1;
				DYLIB_INSTALL_NAME_BASE = "@rpath";
				INFOPLIST_FILE = OptLivePersonFramework/Info.plist;
				INSTALL_PATH = "$(LOCAL_LIBRARY_DIR)/Frameworks";
				LD_RUNPATH_SEARCH_PATHS = (
					"$(inherited)",
					"@executable_path/Frameworks",
					"@loader_path/Frameworks",
				);
				PRODUCT_BUNDLE_IDENTIFIER = ss.OptLivePersonFramework;
				PRODUCT_NAME = "$(TARGET_NAME:c99extidentifier)";
				SKIP_INSTALL = YES;
				SWIFT_VERSION = 4.2;
				TARGETED_DEVICE_FAMILY = "1,2";
			};
			name = Release;
		};
		42055D65220276ED00BD517D /* Debug */ = {
			isa = XCBuildConfiguration;
			buildSettings = {
				CODE_SIGN_STYLE = Automatic;
				INFOPLIST_FILE = OptLivePersonFrameworkTests/Info.plist;
				LD_RUNPATH_SEARCH_PATHS = (
					"$(inherited)",
					"@executable_path/Frameworks",
					"@loader_path/Frameworks",
				);
				PRODUCT_BUNDLE_IDENTIFIER = ss.OptLivePersonFrameworkTests;
				PRODUCT_NAME = "$(TARGET_NAME)";
				SWIFT_VERSION = 4.2;
				TARGETED_DEVICE_FAMILY = "1,2";
			};
			name = Debug;
		};
		42055D66220276ED00BD517D /* Release */ = {
			isa = XCBuildConfiguration;
			buildSettings = {
				CODE_SIGN_STYLE = Automatic;
				INFOPLIST_FILE = OptLivePersonFrameworkTests/Info.plist;
				LD_RUNPATH_SEARCH_PATHS = (
					"$(inherited)",
					"@executable_path/Frameworks",
					"@loader_path/Frameworks",
				);
				PRODUCT_BUNDLE_IDENTIFIER = ss.OptLivePersonFrameworkTests;
				PRODUCT_NAME = "$(TARGET_NAME)";
				SWIFT_VERSION = 4.2;
				TARGETED_DEVICE_FAMILY = "1,2";
			};
			name = Release;
		};
/* End XCBuildConfiguration section */

/* Begin XCConfigurationList section */
		42055D47220276ED00BD517D /* Build configuration list for PBXProject "OptLivePersonFramework" */ = {
			isa = XCConfigurationList;
			buildConfigurations = (
				42055D5F220276ED00BD517D /* Debug */,
				42055D60220276ED00BD517D /* Release */,
			);
			defaultConfigurationIsVisible = 0;
			defaultConfigurationName = Release;
		};
		42055D61220276ED00BD517D /* Build configuration list for PBXNativeTarget "OptLivePersonFramework" */ = {
			isa = XCConfigurationList;
			buildConfigurations = (
				42055D62220276ED00BD517D /* Debug */,
				42055D63220276ED00BD517D /* Release */,
			);
			defaultConfigurationIsVisible = 0;
			defaultConfigurationName = Release;
		};
		42055D64220276ED00BD517D /* Build configuration list for PBXNativeTarget "OptLivePersonFrameworkTests" */ = {
			isa = XCConfigurationList;
			buildConfigurations = (
				42055D65220276ED00BD517D /* Debug */,
				42055D66220276ED00BD517D /* Release */,
			);
			defaultConfigurationIsVisible = 0;
			defaultConfigurationName = Release;
		};
/* End XCConfigurationList section */
	};
	rootObject = 42055D44220276ED00BD517D /* Project object */;
}
